
Microsoft Visual Studio Solution File, Format Version 12.00
# Visual Studio Version 16
VisualStudioVersion = 16.0.31105.61
MinimumVisualStudioVersion = 10.0.40219.1
Project("{FAE04EC0-301F-11D3-BF4B-00C04F79EFBC}") = "SimplePlan", "SimplePlan\SimplePlan.csproj", "{FB61B6ED-6F14-472A-B432-9DCDB844145B}"
EndProject
Global
	GlobalSection(SolutionConfigurationPlatforms) = preSolution
		Debug|Any CPU = Debug|Any CPU
		Release|Any CPU = Release|Any CPU
	EndGlobalSection
	GlobalSection(ProjectConfigurationPlatforms) = postSolution
		{FB61B6ED-6F14-472A-B432-9DCDB844145B}.Debug|Any CPU.ActiveCfg = Debug|Any CPU
		{FB61B6ED-6F14-472A-B432-9DCDB844145B}.Debug|Any CPU.Build.0 = Debug|Any CPU
		{FB61B6ED-6F14-472A-B432-9DCDB844145B}.Release|Any CPU.ActiveCfg = Release|Any CPU
		{FB61B6ED-6F14-472A-B432-9DCDB844145B}.Release|Any CPU.Build.0 = Release|Any CPU
	EndGlobalSection
	GlobalSection(SolutionProperties) = preSolution
		HideSolutionNode = FALSE
	EndGlobalSection
	GlobalSection(ExtensibilityGlobals) = postSolution
		SolutionGuid = {FD2314DD-7CF7-43AB-A9C4-76BA5DD88FFC}
	EndGlobalSection
EndGlobal
